
Microsoft Visual Studio Solution File, Format Version 12.00
# Visual Studio Version 17
VisualStudioVersion = 17.1.31911.260
MinimumVisualStudioVersion = 10.0.40219.1
Project("{9A19103F-16F7-4668-BE54-9A1E7A4F7556}") = "Lw9", "Lw9\Lw9.csproj", "{63D8029A-4DDB-4E42-BD04-0E15404BE322}"
EndProject
Project("{FAE04EC0-301F-11D3-BF4B-00C04F79EFBC}") = "PaintTests", "PaintTests\PaintTests.csproj", "{9D52B74E-776C-4244-A619-75819E1AF872}"
EndProject
Global
	GlobalSection(SolutionConfigurationPlatforms) = preSolution
		Debug|Any CPU = Debug|Any CPU
		Release|Any CPU = Release|Any CPU
	EndGlobalSection
	GlobalSection(ProjectConfigurationPlatforms) = postSolution
		{63D8029A-4DDB-4E42-BD04-0E15404BE322}.Debug|Any CPU.ActiveCfg = Debug|Any CPU
		{63D8029A-4DDB-4E42-BD04-0E15404BE322}.Debug|Any CPU.Build.0 = Debug|Any CPU
		{63D8029A-4DDB-4E42-BD04-0E15404BE322}.Release|Any CPU.ActiveCfg = Release|Any CPU
		{63D8029A-4DDB-4E42-BD04-0E15404BE322}.Release|Any CPU.Build.0 = Release|Any CPU
		{9D52B74E-776C-4244-A619-75819E1AF872}.Debug|Any CPU.ActiveCfg = Debug|Any CPU
		{9D52B74E-776C-4244-A619-75819E1AF872}.Debug|Any CPU.Build.0 = Debug|Any CPU
		{9D52B74E-776C-4244-A619-75819E1AF872}.Release|Any CPU.ActiveCfg = Release|Any CPU
		{9D52B74E-776C-4244-A619-75819E1AF872}.Release|Any CPU.Build.0 = Release|Any CPU
	EndGlobalSection
	GlobalSection(SolutionProperties) = preSolution
		HideSolutionNode = FALSE
	EndGlobalSection
	GlobalSection(ExtensibilityGlobals) = postSolution
		SolutionGuid = {929DC817-19F1-4318-9444-4C9EA1128CA7}
	EndGlobalSection
EndGlobal
